
Microsoft Visual Studio Solution File, Format Version 12.00
# Visual Studio Version 17
VisualStudioVersion = 17.3.32708.82
MinimumVisualStudioVersion = 10.0.40219.1
Project("{9A19103F-16F7-4668-BE54-9A1E7A4F7556}") = "Portfolio.Web", "Portfolio.Web\Portfolio.Web.csproj", "{D0BE6065-638A-4EF3-8797-64AF50AE1977}"
EndProject
Global
	GlobalSection(SolutionConfigurationPlatforms) = preSolution
		Debug|Any CPU = Debug|Any CPU
		Release|Any CPU = Release|Any CPU
	EndGlobalSection
	GlobalSection(ProjectConfigurationPlatforms) = postSolution
		{D0BE6065-638A-4EF3-8797-64AF50AE1977}.Debug|Any CPU.ActiveCfg = Debug|Any CPU
		{D0BE6065-638A-4EF3-8797-64AF50AE1977}.Debug|Any CPU.Build.0 = Debug|Any CPU
		{D0BE6065-638A-4EF3-8797-64AF50AE1977}.Release|Any CPU.ActiveCfg = Release|Any CPU
		{D0BE6065-638A-4EF3-8797-64AF50AE1977}.Release|Any CPU.Build.0 = Release|Any CPU
	EndGlobalSection
	GlobalSection(SolutionProperties) = preSolution
		HideSolutionNode = FALSE
	EndGlobalSection
	GlobalSection(ExtensibilityGlobals) = postSolution
		SolutionGuid = {5147450C-C3C4-4022-8F9E-C11D170CD92F}
	EndGlobalSection
EndGlobal
